version = 1
revision = 3
requires-python = ">=3.12"

[[package]]
name = "colorama"
version = "0.4.6"
source = { registry = "https://pypi.org/simple" }
sdist = { url = "https://files.pythonhosted.org/packages/d8/53/6f443c9a4a8358a93a6792e2acffb9d9d5cb0a5cfd8802644b7b1c9a02e4/colorama-0.4.6.tar.gz", hash = "sha256:08695f5cb7ed6e0531a20572697297273c47b8cae5a63ffc6d6ed5c201be6e44", size = 27697, upload-time = "2022-10-25T02:36:22.414Z" }
wheels = [
    { url = "https://files.pythonhosted.org/packages/d1/d6/3965ed04c63042e047cb6a3e6ed1a63a35087b6a609aa3a15ed8ac56c221/colorama-0.4.6-py2.py3-none-any.whl", hash = "sha256:4f1d9991f5acc0ca119f9d443620b77f9d6b33703e51011c16baf57afb285fc6", size = 25335, upload-time = "2022-10-25T02:36:20.889Z" },
]

[[package]]
name = "coverage"
version = "7.14.2"
source = { registry = "https://pypi.org/simple" }
sdist = { url = "https://files.pythonhosted.org/packages/9c/a3/3834a5564fe8f32154cd7032400d3c2f9c565b2a373fa671f2bbdad6f634/coverage-7.14.2.tar.gz", hash = "sha256:7a2da3d81cfe17c18038c6d98e6592aa9147d596d056119b0ee612c3c8bd5230", size = 923982, upload-time = "2026-06-20T14:49:30.885Z" }
wheels = [
    { url = "https://files.pythonhosted.org/packages/d0/d9/bdd141aa2c605096a8ef63b8435fd4f5fec78946a3cb7b9145840ec78291/coverage-7.14.2-cp312-cp312-macosx_10_13_x86_64.whl", hash = "sha256:37c94712e533ea06f0b1e4d934811c520b1914ce0e4da3916220717aa7a86bc6", size = 220528, upload-time = "2026-06-20T14:47:49.652Z" },
    { url = "https://files.pythonhosted.org/packages/02/97/d24ae7d2afc62c54a36313d4dedb655c9afbba3003f0f7f1ae81e97af31f/coverage-7.14.2-cp312-cp312-macosx_11_0_arm64.whl", hash = "sha256:c050bbc7bba94c77e4ed7438f4fda1babe98ab145691d80aa6f60df934a1468b", size = 220883, upload-time = "2026-06-20T14:47:51.036Z" },
    { url = "https://files.pythonhosted.org/packages/f8/0e/d8f00efd3df0d63e6843ebcbade9e4119d60f5376753c9705d84b014c775/coverage-7.14.2-cp312-cp312-manylinux1_i686.manylinux_2_28_i686.manylinux_2_5_i686.whl", hash = "sha256:a7af571767a2ee342a171c16fc1b1a07a0bf511606d381703fb7cf397fe49d46", size = 252395, upload-time = "2026-06-20T14:47:52.627Z" },
    { url = "https://files.pythonhosted.org/packages/1c/1c/ab9510dfe1a16a35a10f90efad0d9a9cf61b9876973752968f2ba882f73f/coverage-7.14.2-cp312-cp312-manylinux1_x86_64.manylinux_2_28_x86_64.manylinux_2_5_x86_64.whl", hash = "sha256:8b4910cce599cd2438f8da65f5ef199a70a1cdb6ab314926df78271ca5954240", size = 255131, upload-time = "2026-06-20T14:47:54.235Z" },
    { url = "https://files.pythonhosted.org/packages/ba/dd/70171e9371003b33dc6b20f527ac216ff91bbe5c1088e754eb8950d79193/coverage-7.14.2-cp312-cp312-manylinux2014_aarch64.manylinux_2_17_aarch64.manylinux_2_28_aarch64.whl", hash = "sha256:c33e9e4878972f430b0cc06de3bf2a28d054a9efb4f8426d27de0d9cb81396ff", size = 256246, upload-time = "2026-06-20T14:47:55.61Z" },
    { url = "https://files.pythonhosted.org/packages/0f/80/a68b1dd81d5c011e17fd6ab0d707d33297df1d0c618114b9b750a2219c80/coverage-7.14.2-cp312-cp312-manylinux2014_ppc64le.manylinux_2_17_ppc64le.manylinux_2_28_ppc64le.whl", hash = "sha256:e7967ea55c6dea6becba4d5870e2fa0aa4915a8be7ebff1bb79e6207aa75ce8d", size = 258504, upload-time = "2026-06-20T14:47:56.979Z" },
    { url = "https://files.pythonhosted.org/packages/8e/7b/40baaa946189f5317cd77d484e39b9b0727d02ebada0a12162374f2faee2/coverage-7.14.2-cp312-cp312-manylinux_2_31_riscv64.manylinux_2_39_riscv64.whl", hash = "sha256:d1322f237c2979b84096f4239c17828ff17fea6b3bbe96c44381c5f587c44c26", size = 252808, upload-time = "2026-06-20T14:47:58.418Z" },
    { url = "https://files.pythonhosted.org/packages/d5/05/b19517b09c43d1e8591de6c13178b0c03166c31e1adbebda378e64c66b9a/coverage-7.14.2-cp312-cp312-musllinux_1_2_aarch64.whl", hash = "sha256:77849525340c99f516d793dddbcee16b18d50af892ac43c8de1a6f343d41e3b5", size = 254166, upload-time = "2026-06-20T14:48:00.004Z" },
    { url = "https://files.pythonhosted.org/packages/ae/f5/6e65da5957e041d2094a9b97736628dd80160f1cc007a50790bbb2668c1a/coverage-7.14.2-cp312-cp312-musllinux_1_2_i686.whl", hash = "sha256:ef11695493ec3f06f7b2678ca274bcabb4ca04057317df268ddbfd8b05f661a8", size = 252310, upload-time = "2026-06-20T14:48:01.458Z" },
    { url = "https://files.pythonhosted.org/packages/2d/de/01b5274f0db63175b04d9354eff68d2d268b8b57a1b2db7d3dcb1f2c9dbb/coverage-7.14.2-cp312-cp312-musllinux_1_2_ppc64le.whl", hash = "sha256:8134f0e0723e080d1c27bbe8fc149f0162e429fa1852482150015d0fce83eaf1", size = 256379, upload-time = "2026-06-20T14:48:02.981Z" },
    { url = "https://files.pythonhosted.org/packages/71/d6/9a2ffbca41e2f8f86f61e8b78b86afa433ec8cdeac4908ace93a28fe3ff0/coverage-7.14.2-cp312-cp312-musllinux_1_2_riscv64.whl", hash = "sha256:914eead2b843fc357f733b3fe39cc94f1b53d466e8cfe03080b1ed9d24ccfc73", size = 251880, upload-time = "2026-06-20T14:48:04.463Z" },
    { url = "https://files.pythonhosted.org/packages/e3/ff/20bd54a43c88c08f474e6cb355a97e024e38412873ef0a581629abe1e26f/coverage-7.14.2-cp312-cp312-musllinux_1_2_x86_64.whl", hash = "sha256:e4b2d5e847fb7958583b74910cc19e5ec4ece514487385677b26433b2546116e", size = 253753, upload-time = "2026-06-20T14:48:05.99Z" },
    { url = "https://files.pythonhosted.org/packages/35/2a/2b3482c30d8344f301d8df6ff232a321f2ab87d5ac97ba21891a68638131/coverage-7.14.2-cp312-cp312-win32.whl", hash = "sha256:e753db9e40dda7302e0ac3e1e6e1325fb7f7b4694f87a7314ab15dd5d57911a7", size = 222584, upload-time = "2026-06-20T14:48:07.361Z" },
    { url = "https://files.pythonhosted.org/packages/f6/5e/83934ffff147edd313fe925db426e8f7ccad9e4663262eb5c4db4e345658/coverage-7.14.2-cp312-cp312-win_amd64.whl", hash = "sha256:d32e5ca5f16dafb269ee50b60d32b00c704b3f6f78e238105f1d94a3a5f24bf5", size = 223118, upload-time = "2026-06-20T14:48:08.837Z" },
    { url = "https://files.pythonhosted.org/packages/bb/ee/616b4f38a34f076f3045d3eedfa764d34d82e6a6cc6b300acb0f1ff22a98/coverage-7.14.2-cp312-cp312-win_arm64.whl", hash = "sha256:dc366f158e2fb2add9d4e57338ca48f12611024278688ee657eb0b853fcb5de5", size = 222504, upload-time = "2026-06-20T14:48:10.436Z" },
    { url = "https://files.pythonhosted.org/packages/6d/09/b5b334c27960e7aac0003b96491bada7838dc641099fa64a1a598abf33cd/coverage-7.14.2-cp313-cp313-macosx_10_13_x86_64.whl", hash = "sha256:e5f077641a6713ce9d38df9e85d4fb9e008677fc0775cbaeb32ddfc3b319d4ca", size = 220552, upload-time = "2026-06-20T14:48:11.847Z" },
    { url = "https://files.pythonhosted.org/packages/79/20/879a000c319b4df7b50e4d688c0f7c0f6b5ac9d7b18848cbc00eabf26efe/coverage-7.14.2-cp313-cp313-macosx_11_0_arm64.whl", hash = "sha256:0907f39b49ae818fe8af50aaa0f19afbc8ca164aea0865181ca7af17a3ac690b", size = 220919, upload-time = "2026-06-20T14:48:13.397Z" },
    { url = "https://files.pythonhosted.org/packages/f6/b7/326dded4371bab60f42215797944a356e4d81a3cee106121c7f7dd531604/coverage-7.14.2-cp313-cp313-manylinux1_i686.manylinux_2_28_i686.manylinux_2_5_i686.whl", hash = "sha256:5734d47669118d75c28981e562d4530ceb77342d31ffef6def5edd5ad4f05d7b", size = 251917, upload-time = "2026-06-20T14:48:14.931Z" },
    { url = "https://files.pythonhosted.org/packages/eb/14/b3232ba218a0d1a70883d2675f18ff465de9e8e5e3346e81dc2b079838bd/coverage-7.14.2-cp313-cp313-manylinux1_x86_64.manylinux_2_28_x86_64.manylinux_2_5_x86_64.whl", hash = "sha256:1d9a1b5813d00ea6151f6ccf64d1fa16892771dfdda12ba87162d15ec4ea3e1e", size = 254515, upload-time = "2026-06-20T14:48:16.545Z" },
    { url = "https://files.pythonhosted.org/packages/b7/7a/d77bcbee1cad71b42776574114b462225cc9125b4982f43da1b66adc850f/coverage-7.14.2-cp313-cp313-manylinux2014_aarch64.manylinux_2_17_aarch64.manylinux_2_28_aarch64.whl", hash = "sha256:9f0a80f4c8ac3f774210b1cc1bc0e31e75502f2818dda9a144ff90e702c4d91d", size = 255749, upload-time = "2026-06-20T14:48:18.214Z" },
    { url = "https://files.pythonhosted.org/packages/86/86/97377937b29e9e44a1529bb20cb74dbcf80ed9006d87d7e742ff69e44b67/coverage-7.14.2-cp313-cp313-manylinux2014_ppc64le.manylinux_2_17_ppc64le.manylinux_2_28_ppc64le.whl", hash = "sha256:c2e66f3f22d6c1515ce70f2e7c3e9c6f3ff0ff33480125c9f9c53e8f6508e30f", size = 257882, upload-time = "2026-06-20T14:48:19.7Z" },
    { url = "https://files.pythonhosted.org/packages/c1/a4/0fc8fe68bc505450bb068a2823ac7797bd8495240ccb8b4a5a1da1ee7e62/coverage-7.14.2-cp313-cp313-manylinux_2_31_riscv64.manylinux_2_39_riscv64.whl", hash = "sha256:6a2c37c3114f87ca7f10113756026eecb49656514debad600dcbec21f355ccea", size = 252144, upload-time = "2026-06-20T14:48:21.176Z" },
    { url = "https://files.pythonhosted.org/packages/8d/4a/450094ddc41ab0d2eb4a0457b3856400ea3329568d1303696e85de099ae6/coverage-7.14.2-cp313-cp313-musllinux_1_2_aarch64.whl", hash = "sha256:3b16a7959d04b1497281c062c180413565c3f3469211d78799ad5b9a75f67796", size = 253882, upload-time = "2026-06-20T14:48:22.701Z" },
    { url = "https://files.pythonhosted.org/packages/d0/28/2f6ae6d98265d9aa6bac311c4a93403675905b03aca95dc4373080279d75/coverage-7.14.2-cp313-cp313-musllinux_1_2_i686.whl", hash = "sha256:6466c6999545cf00c4c142dfcbbf2db396dc735f005dcf8f91d57e351a79472b", size = 251846, upload-time = "2026-06-20T14:48:24.295Z" },
    { url = "https://files.pythonhosted.org/packages/c2/6e/707281468400794d52874e8fb5e38ff7578a0ff32ed49fe4fe85f192d0fc/coverage-7.14.2-cp313-cp313-musllinux_1_2_ppc64le.whl", hash = "sha256:5c60915ebb8f562317ba5ff6b8c32e25c0882289b201a9f2fb2987f91efd95d8", size = 256002, upload-time = "2026-06-20T14:48:26.015Z" },
    { url = "https://files.pythonhosted.org/packages/c2/83/5e963120de4011257a950ce4cfb7fc833ddf3fee19db495268d3dec28154/coverage-7.14.2-cp313-cp313-musllinux_1_2_riscv64.whl", hash = "sha256:33b830850488acbcd358c78a4fecfafe7031667b4da8ddff5546295dc962cdeb", size = 251665, upload-time = "2026-06-20T14:48:27.654Z" },
    { url = "https://files.pythonhosted.org/packages/e9/78/66b482cd525083bcc0bc894c16db79dabac37490065b53b07d6e8ab77202/coverage-7.14.2-cp313-cp313-musllinux_1_2_x86_64.whl", hash = "sha256:d0f845539230b8269aec902bc978b0cc403f52f002d18a04492efc943404d0bc", size = 253435, upload-time = "2026-06-20T14:48:29.354Z" },
    { url = "https://files.pythonhosted.org/packages/e6/61/0663fb8cb530c8b11819b920109694eee95a3b22960a9495be0200f657f1/coverage-7.14.2-cp313-cp313-win32.whl", hash = "sha256:a8ac51a2e441e9119b9395f4d893fbc4934c64c8ba58be9b9eaa85591249e548", size = 222591, upload-time = "2026-06-20T14:48:31.142Z" },
    { url = "https://files.pythonhosted.org/packages/a6/47/1536d2b009c2848c3682500f497053f4645e70911afe02f594000997831a/coverage-7.14.2-cp313-cp313-win_amd64.whl", hash = "sha256:039b264cdb31c44b48f9821e2afbf8f37df49e0fb837e24a942918b36c567e31", size = 223134, upload-time = "2026-06-20T14:48:32.696Z" },
    { url = "https://files.pythonhosted.org/packages/28/9a/33ba4f335dd60bb34350318283d784f46018070e67b7d4df7c910ec9d9a0/coverage-7.14.2-cp313-cp313-win_arm64.whl", hash = "sha256:7f2ef591e381cc36b8e53334e1b842c760c520c8a52d01e8626209400e93fe6a", size = 222529, upload-time = "2026-06-20T14:48:34.237Z" },
    { url = "https://files.pythonhosted.org/packages/fc/bc/120390669817ede714ab141ae0a2a73240fd7354aac992c41dc0bd19570f/coverage-7.14.2-cp314-cp314-macosx_10_15_x86_64.whl", hash = "sha256:7a0d1f026b72d627fa5c8a57cbc86ad209b64aa2a65833c83b290ace5cbee126", size = 220593, upload-time = "2026-06-20T14:48:35.755Z" },
    { url = "https://files.pythonhosted.org/packages/4f/a3/7f1cfacd76af91e585f7ad689d7168002b444ed2a8ce59f2daaff10089b5/coverage-7.14.2-cp314-cp314-macosx_11_0_arm64.whl", hash = "sha256:4d2b86f81c1c9310a7e774e3cc9e927a3d0bf583ecbfa01498dd626930025428", size = 220925, upload-time = "2026-06-20T14:48:37.35Z" },
    { url = "https://files.pythonhosted.org/packages/e7/10/6514b2525bb672eb8b43703e46d061d694111db21efe7609db722df2233f/coverage-7.14.2-cp314-cp314-manylinux1_i686.manylinux_2_28_i686.manylinux_2_5_i686.whl", hash = "sha256:d76bdc1f9396ae70a55d050cf9743d88141c62ce0a22a3f627fab1d11c2f8bc6", size = 251974, upload-time = "2026-06-20T14:48:39.109Z" },
    { url = "https://files.pythonhosted.org/packages/23/b4/4533091541c6620ecd68115bbfa1c61265b775618adef3a5fd137f4582e9/coverage-7.14.2-cp314-cp314-manylinux1_x86_64.manylinux_2_28_x86_64.manylinux_2_5_x86_64.whl", hash = "sha256:cda36d8e7bfd63b3e44e75163265429caa5d935b672b00f71bccc8c010518c64", size = 254479, upload-time = "2026-06-20T14:48:40.871Z" },
    { url = "https://files.pythonhosted.org/packages/06/af/e251a143d5d106385dbca696c553afab6b69f7f6bc376a34e089cc0b8b32/coverage-7.14.2-cp314-cp314-manylinux2014_aarch64.manylinux_2_17_aarch64.manylinux_2_28_aarch64.whl", hash = "sha256:0904f3b79d7b845bef0715afe1900da634d12b97f05b9479cb472880ca07cb9c", size = 255824, upload-time = "2026-06-20T14:48:42.608Z" },
    { url = "https://files.pythonhosted.org/packages/9c/53/9e5876e60efbaa79d743d1948a5015ddc05b808db1cd62228acf83e87d43/coverage-7.14.2-cp314-cp314-manylinux2014_ppc64le.manylinux_2_17_ppc64le.manylinux_2_28_ppc64le.whl", hash = "sha256:b6795ca4198d6cb7fc2c6163214f6555a6bc5f0ae1e268e76139dec4b37c4499", size = 258139, upload-time = "2026-06-20T14:48:44.263Z" },
    { url = "https://files.pythonhosted.org/packages/85/5a/d35a4f431fb594e46b81cad4a13b470b017e918f347c1c0b260f7494fa1e/coverage-7.14.2-cp314-cp314-manylinux_2_31_riscv64.manylinux_2_39_riscv64.whl", hash = "sha256:c41e9b60fc0fa57f5d73306417d2f9d668202cca6944f9435878c55a5e7ae213", size = 252002, upload-time = "2026-06-20T14:48:45.961Z" },
    { url = "https://files.pythonhosted.org/packages/0c/e2/f5b304c8139c606c4f1b230d3a257d0c88edfbbdf06c58364f07625dc45c/coverage-7.14.2-cp314-cp314-musllinux_1_2_aarch64.whl", hash = "sha256:419d2aadd5746efc2e9df0f33c05570d8192e6f6a6098ab05acce586f44ce8a5", size = 253832, upload-time = "2026-06-20T14:48:47.582Z" },
    { url = "https://files.pythonhosted.org/packages/86/bc/bbbd283daa6be4f68aad4ad4066fd39ae98e4174db8c03ab26c5803d6234/coverage-7.14.2-cp314-cp314-musllinux_1_2_i686.whl", hash = "sha256:1c5d273c5f1411c0d26c4f066c398d4a434b1f97bb5fa409189bedce86d4add4", size = 251799, upload-time = "2026-06-20T14:48:49.42Z" },
    { url = "https://files.pythonhosted.org/packages/69/8d/0745fceb89c9e5f7dd8ed243d97dc8561b7a95545741e2409d2b34654824/coverage-7.14.2-cp314-cp314-musllinux_1_2_ppc64le.whl", hash = "sha256:5fe465bc691264adce601527a972990c1174075d86bcbe9968fd20c95e0b1948", size = 256075, upload-time = "2026-06-20T14:48:51.065Z" },
    { url = "https://files.pythonhosted.org/packages/a2/a0/441d9a5255cf021ab41ee00c014a4607d1c72d5e5bef0a4fdaa5be86a907/coverage-7.14.2-cp314-cp314-musllinux_1_2_riscv64.whl", hash = "sha256:6fbb61617af1c56f95d53170ae9fa6c9aef6de1abd02fcc50064bfc672efb18d", size = 251612, upload-time = "2026-06-20T14:48:52.653Z" },
    { url = "https://files.pythonhosted.org/packages/50/37/3d19c5e32d4a529c068eb296abfa3e455bd2c0f9311ecf26280f408ff8e0/coverage-7.14.2-cp314-cp314-musllinux_1_2_x86_64.whl", hash = "sha256:e1eff22b831dfd5694989cc1f0789980f18391f614ac67c851af9a8e6d25e9ba", size = 253270, upload-time = "2026-06-20T14:48:54.3Z" },
    { url = "https://files.pythonhosted.org/packages/3d/b0/54dd13937297518da6d092cc2c39d9340ec2194bdfa92e0a64694d643e23/coverage-7.14.2-cp314-cp314-win32.whl", hash = "sha256:58e91be0a233adef698d3e6be54f10401bb91fd7854c0d4c4d50e0d3711e72f1", size = 222796, upload-time = "2026-06-20T14:48:56.084Z" },
    { url = "https://files.pythonhosted.org/packages/51/45/7a10e0909919686e335fdd95869cfb222d55243ebff27dc5cf59ca259a1f/coverage-7.14.2-cp314-cp314-win_amd64.whl", hash = "sha256:d8429bf97906bfe6c61f9dbfb3342e0d88120da61939da8bd04f830cc3eab3b8", size = 223285, upload-time = "2026-06-20T14:48:57.729Z" },
    { url = "https://files.pythonhosted.org/packages/2e/03/9cb197eb4b3d1a2eccb2537c226a93c80522c5b8afc5dd93e1993d7bb021/coverage-7.14.2-cp314-cp314-win_arm64.whl", hash = "sha256:13609d9d77249447aa73357b14831b0f3b95f275026c9ff20dd105f981f53a0c", size = 222712, upload-time = "2026-06-20T14:48:59.413Z" },
    { url = "https://files.pythonhosted.org/packages/d6/3c/e59f498511080d20bf866b0af9eeab820feb91547dae2084cb9bb7fb0e58/coverage-7.14.2-cp314-cp314t-macosx_10_15_x86_64.whl", hash = "sha256:9818486c2bac88ae931df7e04905ee29bef49fd218c00f5f02bed4855254a101", size = 221325, upload-time = "2026-06-20T14:49:01.447Z" },
    { url = "https://files.pythonhosted.org/packages/d3/37/8d7955f7e701e69198bd0a0132ea76518c078a635b930a4924e2ccfa70f0/coverage-7.14.2-cp314-cp314t-macosx_11_0_arm64.whl", hash = "sha256:58055adffabfa243516a197aa9f85f0dd56d905b0fba1a10193269759c29ccb0", size = 221594, upload-time = "2026-06-20T14:49:03.13Z" },
    { url = "https://files.pythonhosted.org/packages/34/7a/6738e1e1533ce8ec4e2e472696eefdd4723864d7efaa140e433053bf576a/coverage-7.14.2-cp314-cp314t-manylinux1_i686.manylinux_2_28_i686.manylinux_2_5_i686.whl", hash = "sha256:535747dbc200349d7fb434cffcb28e770f0290f69b225f56dc3803aa7210cdea", size = 262957, upload-time = "2026-06-20T14:49:04.829Z" },
    { url = "https://files.pythonhosted.org/packages/35/c4/d1be863cd39e0955904315fece67c5c23e046563f5eea0ceac16c547a759/coverage-7.14.2-cp314-cp314t-manylinux1_x86_64.manylinux_2_28_x86_64.manylinux_2_5_x86_64.whl", hash = "sha256:420c66e35d85c0ca5dc6a38147d83ef239762542900e5921ebbdb89333c540ea", size = 265081, upload-time = "2026-06-20T14:49:07.018Z" },
    { url = "https://files.pythonhosted.org/packages/72/7f/412df3c3c251284a11834287fd6f7e3bb98c528c53e030589e9344a3ef80/coverage-7.14.2-cp314-cp314t-manylinux2014_aarch64.manylinux_2_17_aarch64.manylinux_2_28_aarch64.whl", hash = "sha256:f2cf17b33773be446a588551ea6a746b2d70dd0bc90dc31f1dd7648975a63c6b", size = 267500, upload-time = "2026-06-20T14:49:08.709Z" },
    { url = "https://files.pythonhosted.org/packages/54/68/7d0764e83459455384d5c04179ce2d2a837bef01b9ba463079c6e8b31361/coverage-7.14.2-cp314-cp314t-manylinux2014_ppc64le.manylinux_2_17_ppc64le.manylinux_2_28_ppc64le.whl", hash = "sha256:adb4a5fef041f7179bb264203add873c147d169cf2f8d0adae89ff2e51271bac", size = 268619, upload-time = "2026-06-20T14:49:10.405Z" },
    { url = "https://files.pythonhosted.org/packages/14/68/1292164ac70cbcc86ac3982da31a6fbb42bb4bcebf6e5cf73c99cfcfd50d/coverage-7.14.2-cp314-cp314t-manylinux_2_31_riscv64.manylinux_2_39_riscv64.whl", hash = "sha256:9c012ec357dec9408a83dad5541172a63c5cfa1421709f2e5811480d31ae1b28", size = 262066, upload-time = "2026-06-20T14:49:12.257Z" },
    { url = "https://files.pythonhosted.org/packages/20/44/fd6fdf3f63b6e00a1a9230022d072ded5189576001685706aa6524187c65/coverage-7.14.2-cp314-cp314t-musllinux_1_2_aarch64.whl", hash = "sha256:dacd0ecd08fda3cb2f85b60cabea7da326dcb2fc15fbb23a88830a80144cc9f2", size = 264953, upload-time = "2026-06-20T14:49:14.13Z" },
    { url = "https://files.pythonhosted.org/packages/39/29/e803fea3da89eaeb5b6b41b3ccd039fe9f3300a900e3803baac1a998529f/coverage-7.14.2-cp314-cp314t-musllinux_1_2_i686.whl", hash = "sha256:f27e980f2feba5dfe7a32b22b125470de69c0bd113c75e16165de909a777f512", size = 262555, upload-time = "2026-06-20T14:49:15.803Z" },
    { url = "https://files.pythonhosted.org/packages/32/3c/b360e48ac68e3236c04cb83658382e7f5be7efbbec2e1faae3dcca432783/coverage-7.14.2-cp314-cp314t-musllinux_1_2_ppc64le.whl", hash = "sha256:105c00efb65c863630b2b63cbf7b8267e4da2d44b62284efbb19a03b04c337d4", size = 266289, upload-time = "2026-06-20T14:49:17.962Z" },
    { url = "https://files.pythonhosted.org/packages/59/12/1ed6d9274d599c586e2d1aa9818765dcdae6bb52aa88afa2fcd868398191/coverage-7.14.2-cp314-cp314t-musllinux_1_2_riscv64.whl", hash = "sha256:571173fa04c8e8d6235ab32ae67fecca97777e2e1b4a1a30f3022c34e397c1c1", size = 261402, upload-time = "2026-06-20T14:49:19.708Z" },
    { url = "https://files.pythonhosted.org/packages/44/17/eb6cf12a4538cda937aefbeabb15377a8a30b377b484e63d31c9da790966/coverage-7.14.2-cp314-cp314t-musllinux_1_2_x86_64.whl", hash = "sha256:e532f34d42d1a421fa00ed6b7735d14ac2e340256c1bad26a5e1dc1252b0bed7", size = 263715, upload-time = "2026-06-20T14:49:21.427Z" },
    { url = "https://files.pythonhosted.org/packages/8a/ca/4bafdb9d372ab05d6ed3a63e7f00d3195d169d0afea00f617c026e386c19/coverage-7.14.2-cp314-cp314t-win32.whl", hash = "sha256:243971550fb46c3039257f75e65610002d84304c505f609bbd9779e20a653a0a", size = 223103, upload-time = "2026-06-20T14:49:23.24Z" },
    { url = "https://files.pythonhosted.org/packages/35/cb/0765dbd9011d2e47315f1da31e62c5fe231f04a6ec8da213e64c4505896d/coverage-7.14.2-cp314-cp314t-win_amd64.whl", hash = "sha256:60fb0ca084a92da96474b8b405a7ea76dfecac3c68db54383e7934b6f3871169", size = 223934, upload-time = "2026-06-20T14:49:25.347Z" },
    { url = "https://files.pythonhosted.org/packages/4e/ce/373dde027ecd0ae54511430fe7569f838d3a0376b70333ba9fd20c76b836/coverage-7.14.2-cp314-cp314t-win_arm64.whl", hash = "sha256:36a0a3f42ed7dfdbca2a69a541519ffd5064a5692152fc0018109e74370d7345", size = 223249, upload-time = "2026-06-20T14:49:27.241Z" },
    { url = "https://files.pythonhosted.org/packages/a3/5e/a8ba14ceb014f39bd5e3f7077150718c7de61c01ce326bfe7e8eae9b19b2/coverage-7.14.2-py3-none-any.whl", hash = "sha256:04d92589e481a8b68a005a5a1e0646a91c76f322c397c4635298c57cf63699b5", size = 212325, upload-time = "2026-06-20T14:49:28.991Z" },
]

[[package]]
name = "iniconfig"
version = "2.3.0"
source = { registry = "https://pypi.org/simple" }
sdist = { url = "https://files.pythonhosted.org/packages/72/34/14ca021ce8e5dfedc35312d08ba8bf51fdd999c576889fc2c24cb97f4f10/iniconfig-2.3.0.tar.gz", hash = "sha256:c76315c77db068650d49c5b56314774a7804df16fee4402c1f19d6d15d8c4730", size = 20503, upload-time = "2025-10-18T21:55:43.219Z" }
wheels = [
    { url = "https://files.pythonhosted.org/packages/cb/b1/3846dd7f199d53cb17f49cba7e651e9ce294d8497c8c150530ed11865bb8/iniconfig-2.3.0-py3-none-any.whl", hash = "sha256:f631c04d2c48c52b84d0d0549c99ff3859c98df65b3101406327ecc7d53fbf12", size = 7484, upload-time = "2025-10-18T21:55:41.639Z" },
]

[[package]]
name = "maturin"
version = "1.14.1"
source = { registry = "https://pypi.org/simple" }
sdist = { url = "https://files.pythonhosted.org/packages/e7/b3/addd877f871fb1860d46d3a4f206ecb10b946c85846805e6367631926fd3/maturin-1.14.1.tar.gz", hash = "sha256:9d6577a62cd08e0ceba7a0db06fb098e0c9b1b3429bad747a4f3a18215a1b3df", size = 369637, upload-time = "2026-06-19T05:19:49.774Z" }
wheels = [
    { url = "https://files.pythonhosted.org/packages/f4/f0/97c5a5bd9c71653a066c0976a484eaaae50b9369557838a4176b7b0bdaa5/maturin-1.14.1-py3-none-linux_armv6l.whl", hash = "sha256:522292398945442cdafa9daeb2271b2340fbde57027b818f923f88eab04174f8", size = 10207496, upload-time = "2026-06-19T05:19:09.321Z" },
    { url = "https://files.pythonhosted.org/packages/fe/83/294bca639b0e052f1e2f65199b3db258780c7d4e31408b934c9c974a1379/maturin-1.14.1-py3-none-macosx_10_12_x86_64.macosx_11_0_arm64.macosx_10_12_universal2.whl", hash = "sha256:ffe5ad71f21d1e6603c4dd75f7fee34adf5ed5ebcebb692886549888ebb329ed", size = 19680113, upload-time = "2026-06-19T05:19:13.43Z" },
    { url = "https://files.pythonhosted.org/packages/43/b6/79c881410a3b1c187f7eb3d407aecae646c6a4433d630d72200359015e83/maturin-1.14.1-py3-none-macosx_10_12_x86_64.whl", hash = "sha256:f3306078070c1508fd715b9116070cbcaff5959024272a9f1e6f5cb29768b86c", size = 10169205, upload-time = "2026-06-19T05:19:16.615Z" },
    { url = "https://files.pythonhosted.org/packages/93/9d/44b6f26dcb7f7a04c5501ac2dbb6ca1490150682baa525ca5860504f9eab/maturin-1.14.1-py3-none-manylinux_2_12_i686.manylinux2010_i686.musllinux_1_1_i686.whl", hash = "sha256:cd457cd88961156e26379e1155bd287cc0ec1c8b2f1582b0660fb31b87c8842d", size = 10188098, upload-time = "2026-06-19T05:19:19.736Z" },
    { url = "https://files.pythonhosted.org/packages/1a/bd/9c0d5d6983905ce2c9edaa073a7e89355a9cf7f396988e05d32f1c37785d/maturin-1.14.1-py3-none-manylinux_2_12_x86_64.manylinux2010_x86_64.musllinux_1_1_x86_64.whl", hash = "sha256:dfc54ae32e6fcb18302193ab9a30b0b25eefffba994ae13238974805533ef75e", size = 10627576, upload-time = "2026-06-19T05:19:22.713Z" },
    { url = "https://files.pythonhosted.org/packages/e5/33/b096412bd6a7cb399652b260666f901adf88a687181a6dbd6a3f89f0a94e/maturin-1.14.1-py3-none-manylinux_2_17_aarch64.manylinux2014_aarch64.musllinux_1_1_aarch64.whl", hash = "sha256:a131d912b5267e640bc96d70f4914e10590aed64082ec9abacba7cea52004224", size = 10085181, upload-time = "2026-06-19T05:19:25.69Z" },
    { url = "https://files.pythonhosted.org/packages/56/8d/08c3bf469c38a23c9e6c877e338193001eb604d010fedc08341974e38528/maturin-1.14.1-py3-none-manylinux_2_17_armv7l.manylinux2014_armv7l.musllinux_1_1_armv7l.whl", hash = "sha256:be18fc568fb76884c0205456336892a75105ec398e6b667cd777c6268bd06d69", size = 10026363, upload-time = "2026-06-19T05:19:28.904Z" },
    { url = "https://files.pythonhosted.org/packages/3a/a4/c4d1a92839f8745ab4aab988a7db884a79d6d710bd3b286fcf9316dece1a/maturin-1.14.1-py3-none-manylinux_2_17_ppc64le.manylinux2014_ppc64le.musllinux_1_1_ppc64le.whl", hash = "sha256:994a0c8ba3ad8a92b3a9ee1b02645d200d610216b15cff5102b0fe65e8e08666", size = 13321347, upload-time = "2026-06-19T05:19:32.411Z" },
    { url = "https://files.pythonhosted.org/packages/b3/fa/170f04624d03fd07d2a8b1b67de83a127af93aef9eaa425839553347297b/maturin-1.14.1-py3-none-manylinux_2_17_s390x.manylinux2014_s390x.whl", hash = "sha256:be80866363e605d137991b491a741a84cde9ae350183c4c85f49690ca9aaaa65", size = 10877609, upload-time = "2026-06-19T05:19:35.448Z" },
    { url = "https://files.pythonhosted.org/packages/61/ad/1ae2e1d0ded282bf2c55ac13f0811d87deb425e200ae64a15785675dede9/maturin-1.14.1-py3-none-manylinux_2_31_riscv64.musllinux_1_1_riscv64.whl", hash = "sha256:5282dffd4b539d2be245f4e5b1a5ab6bc1033b58f4a4872f5833f9d43c954aa4", size = 10417316, upload-time = "2026-06-19T05:19:38.28Z" },
    { url = "https://files.pythonhosted.org/packages/fb/27/bf677183920718da49cd7982d6a3ffc440aad8919329f571d189f81b7bdf/maturin-1.14.1-py3-none-win32.whl", hash = "sha256:1a04de0a20188f95c721b5702eed18140bdcccb28c386797093eca3f62f4d4e0", size = 8931293, upload-time = "2026-06-19T05:19:41.183Z" },
    { url = "https://files.pythonhosted.org/packages/63/4b/585adeb9167b08d3cdff0032a938b0e72655c92003df4f52c3f696a1bcc2/maturin-1.14.1-py3-none-win_amd64.whl", hash = "sha256:3c9f94640ecc4895e94abaf834a0684430032c865b2748a36c12461fd9252fdd", size = 10314067, upload-time = "2026-06-19T05:19:44.389Z" },
    { url = "https://files.pythonhosted.org/packages/51/d4/dac8c0720ae246be1700afb6fbdbbea20fe35b13f6570b2f70faa005df77/maturin-1.14.1-py3-none-win_arm64.whl", hash = "sha256:15cea8fcb3ba47dd636f50092bb34baea8b04ac777392f23e6bf8a9a61efb894", size = 9718943, upload-time = "2026-06-19T05:19:47.49Z" },
]

[[package]]
name = "nblf-queue"
version = "0.2.1"
source = { editable = "." }

[package.dev-dependencies]
dev = [
    { name = "maturin" },
    { name = "pyright" },
    { name = "pytest" },
    { name = "pytest-benchmark" },
    { name = "pytest-cov" },
    { name = "ruff" },
]

[package.metadata]

[package.metadata.requires-dev]
dev = [
    { name = "maturin", specifier = ">=1.9.4" },
    { name = "pyright", specifier = ">=1.1.410" },
    { name = "pytest" },
    { name = "pytest-benchmark", specifier = ">=5.2.3" },
    { name = "pytest-cov" },
    { name = "ruff", specifier = ">=0.15.15" },
]

[[package]]
name = "nodeenv"
version = "1.10.0"
source = { registry = "https://pypi.org/simple" }
sdist = { url = "https://files.pythonhosted.org/packages/24/bf/d1bda4f6168e0b2e9e5958945e01910052158313224ada5ce1fb2e1113b8/nodeenv-1.10.0.tar.gz", hash = "sha256:996c191ad80897d076bdfba80a41994c2b47c68e224c542b48feba42ba00f8bb", size = 55611, upload-time = "2025-12-20T14:08:54.006Z" }
wheels = [
    { url = "https://files.pythonhosted.org/packages/88/b2/d0896bdcdc8d28a7fc5717c305f1a861c26e18c05047949fb371034d98bd/nodeenv-1.10.0-py2.py3-none-any.whl", hash = "sha256:5bb13e3eed2923615535339b3c620e76779af4cb4c6a90deccc9e36b274d3827", size = 23438, upload-time = "2025-12-20T14:08:52.782Z" },
]

[[package]]
name = "packaging"
version = "26.2"
source = { registry = "https://pypi.org/simple" }
sdist = { url = "https://files.pythonhosted.org/packages/d7/f1/e7a6dd94a8d4a5626c03e4e99c87f241ba9e350cd9e6d75123f992427270/packaging-26.2.tar.gz", hash = "sha256:ff452ff5a3e828ce110190feff1178bb1f2ea2281fa2075aadb987c2fb221661", size = 228134, upload-time = "2026-04-24T20:15:23.917Z" }
wheels = [
    { url = "https://files.pythonhosted.org/packages/df/b2/87e62e8c3e2f4b32e5fe99e0b86d576da1312593b39f47d8ceef365e95ed/packaging-26.2-py3-none-any.whl", hash = "sha256:5fc45236b9446107ff2415ce77c807cee2862cb6fac22b8a73826d0693b0980e", size = 100195, upload-time = "2026-04-24T20:15:22.081Z" },
]

[[package]]
name = "pluggy"
version = "1.6.0"
source = { registry = "https://pypi.org/simple" }
sdist = { url = "https://files.pythonhosted.org/packages/f9/e2/3e91f31a7d2b083fe6ef3fa267035b518369d9511ffab804f839851d2779/pluggy-1.6.0.tar.gz", hash = "sha256:7dcc130b76258d33b90f61b658791dede3486c3e6bfb003ee5c9bfb396dd22f3", size = 69412, upload-time = "2025-05-15T12:30:07.975Z" }
wheels = [
    { url = "https://files.pythonhosted.org/packages/54/20/4d324d65cc6d9205fabedc306948156824eb9f0ee1633355a8f7ec5c66bf/pluggy-1.6.0-py3-none-any.whl", hash = "sha256:e920276dd6813095e9377c0bc5566d94c932c33b27a3e3945d8389c374dd4746", size = 20538, upload-time = "2025-05-15T12:30:06.134Z" },
]

[[package]]
name = "py-cpuinfo"
version = "9.0.0"
source = { registry = "https://pypi.org/simple" }
sdist = { url = "https://files.pythonhosted.org/packages/37/a8/d832f7293ebb21690860d2e01d8115e5ff6f2ae8bbdc953f0eb0fa4bd2c7/py-cpuinfo-9.0.0.tar.gz", hash = "sha256:3cdbbf3fac90dc6f118bfd64384f309edeadd902d7c8fb17f02ffa1fc3f49690", size = 104716, upload-time = "2022-10-25T20:38:06.303Z" }
wheels = [
    { url = "https://files.pythonhosted.org/packages/e0/a9/023730ba63db1e494a271cb018dcd361bd2c917ba7004c3e49d5daf795a2/py_cpuinfo-9.0.0-py3-none-any.whl", hash = "sha256:859625bc251f64e21f077d099d4162689c762b5d6a4c3c97553d56241c9674d5", size = 22335, upload-time = "2022-10-25T20:38:27.636Z" },
]

[[package]]
name = "pygments"
version = "2.20.0"
source = { registry = "https://pypi.org/simple" }
sdist = { url = "https://files.pythonhosted.org/packages/c3/b2/bc9c9196916376152d655522fdcebac55e66de6603a76a02bca1b6414f6c/pygments-2.20.0.tar.gz", hash = "sha256:6757cd03768053ff99f3039c1a36d6c0aa0b263438fcab17520b30a303a82b5f", size = 4955991, upload-time = "2026-03-29T13:29:33.898Z" }
wheels = [
    { url = "https://files.pythonhosted.org/packages/f4/7e/a72dd26f3b0f4f2bf1dd8923c85f7ceb43172af56d63c7383eb62b332364/pygments-2.20.0-py3-none-any.whl", hash = "sha256:81a9e26dd42fd28a23a2d169d86d7ac03b46e2f8b59ed4698fb4785f946d0176", size = 1231151, upload-time = "2026-03-29T13:29:30.038Z" },
]

[[package]]
name = "pyright"
version = "1.1.410"
source = { registry = "https://pypi.org/simple" }
dependencies = [
    { name = "nodeenv" },
    { name = "typing-extensions" },
]
sdist = { url = "https://files.pythonhosted.org/packages/10/53/e4d8ea1391bd4355231be6f91bf239479aa0014260ed3fb5526eeb12a1f2/pyright-1.1.410.tar.gz", hash = "sha256:07a073b8ba6749826773c1269773efa11b93440d9a6aa60419d9a3172d6dc488", size = 4062013, upload-time = "2026-06-01T17:35:48.894Z" }
wheels = [
    { url = "https://files.pythonhosted.org/packages/d7/33/288b5868fa00846dacf249633719d747893e54aebd196b9968ac1878a5d3/pyright-1.1.410-py3-none-any.whl", hash = "sha256:5e961bed37cacf96b3f7cd7b1da39b350a9239aa2e69138d0e88f728cfaf296c", size = 6082448, upload-time = "2026-06-01T17:35:46.387Z" },
]

[[package]]
name = "pytest"
version = "9.1.1"
source = { registry = "https://pypi.org/simple" }
dependencies = [
    { name = "colorama", marker = "sys_platform == 'win32'" },
    { name = "iniconfig" },
    { name = "packaging" },
    { name = "pluggy" },
    { name = "pygments" },
]
sdist = { url = "https://files.pythonhosted.org/packages/e4/47/b9efed96c114afcfa3c9d3fe98a76a1d14c74a9e266d397cf6eb64be5e01/pytest-9.1.1.tar.gz", hash = "sha256:1088fbde8f2b49d95a549a195707afa7a76a3ce9bcadc26b6d71f0ffda5fe313", size = 1636369, upload-time = "2026-06-19T10:58:32.857Z" }
wheels = [
    { url = "https://files.pythonhosted.org/packages/24/25/1de2678b631f5a49215c6c96fff41ba892b0a34df68d6d80292b1b48aa7f/pytest-9.1.1-py3-none-any.whl", hash = "sha256:37a86b45efb9a47a61a36449063e8e18d0cab3161329fc099eb21783169c4f0c", size = 386536, upload-time = "2026-06-19T10:58:31.347Z" },
]

[[package]]
name = "pytest-benchmark"
version = "5.2.3"
source = { registry = "https://pypi.org/simple" }
dependencies = [
    { name = "py-cpuinfo" },
    { name = "pytest" },
]
sdist = { url = "https://files.pythonhosted.org/packages/24/34/9f732b76456d64faffbef6232f1f9dbec7a7c4999ff46282fa418bd1af66/pytest_benchmark-5.2.3.tar.gz", hash = "sha256:deb7317998a23c650fd4ff76e1230066a76cb45dcece0aca5607143c619e7779", size = 341340, upload-time = "2025-11-09T18:48:43.215Z" }
wheels = [
    { url = "https://files.pythonhosted.org/packages/33/29/e756e715a48959f1c0045342088d7ca9762a2f509b945f362a316e9412b7/pytest_benchmark-5.2.3-py3-none-any.whl", hash = "sha256:bc839726ad20e99aaa0d11a127445457b4219bdb9e80a1afc4b51da7f96b0803", size = 45255, upload-time = "2025-11-09T18:48:39.765Z" },
]

[[package]]
name = "pytest-cov"
version = "7.1.0"
source = { registry = "https://pypi.org/simple" }
dependencies = [
    { name = "coverage" },
    { name = "pluggy" },
    { name = "pytest" },
]
sdist = { url = "https://files.pythonhosted.org/packages/b1/51/a849f96e117386044471c8ec2bd6cfebacda285da9525c9106aeb28da671/pytest_cov-7.1.0.tar.gz", hash = "sha256:30674f2b5f6351aa09702a9c8c364f6a01c27aae0c1366ae8016160d1efc56b2", size = 55592, upload-time = "2026-03-21T20:11:16.284Z" }
wheels = [
    { url = "https://files.pythonhosted.org/packages/9d/7a/d968e294073affff457b041c2be9868a40c1c71f4a35fcc1e45e5493067b/pytest_cov-7.1.0-py3-none-any.whl", hash = "sha256:a0461110b7865f9a271aa1b51e516c9a95de9d696734a2f71e3e78f46e1d4678", size = 22876, upload-time = "2026-03-21T20:11:14.438Z" },
]

[[package]]
name = "ruff"
version = "0.15.18"
source = { registry = "https://pypi.org/simple" }
sdist = { url = "https://files.pythonhosted.org/packages/74/98/1295ad5a5aa9bc85bdcdfa5d82fe7b49c61af5657df4f227637ff9de0da6/ruff-0.15.18.tar.gz", hash = "sha256:2698a964c70e8bf402dcb99c8810472d270d141e7aa8c4e13599fd52033a2f33", size = 4761437, upload-time = "2026-06-18T18:25:39.224Z" }
wheels = [
    { url = "https://files.pythonhosted.org/packages/b9/d0/686e984941269621e2be72612d5c1e461f8f7b38415a2a7d7a81c8ae6715/ruff-0.15.18-py3-none-linux_armv6l.whl", hash = "sha256:8b6850172348c8381b8b3084c5915a4393c2373b9b54cd5b5e1ea15812bc10df", size = 10887308, upload-time = "2026-06-18T18:25:03.062Z" },
    { url = "https://files.pythonhosted.org/packages/ed/21/bc4123e3f5515ee99f8ce1eb93a14a0628fe4d1678663cd08f933ac16931/ruff-0.15.18-py3-none-macosx_10_12_x86_64.whl", hash = "sha256:3fccc153a85417dcd976883160cacce486997b0a0058dd18f54b8aaaac7d1ce2", size = 11281305, upload-time = "2026-06-18T18:25:30.026Z" },
    { url = "https://files.pythonhosted.org/packages/51/93/4769464c25cf7ab2acb3c7dda9cad3d867eb41c59565b3e2a9d17249c90c/ruff-0.15.18-py3-none-macosx_11_0_arm64.whl", hash = "sha256:08d4c86a68f2c3ec2c9d56380a71fb4a4f65373055cbb8caabd645e9102f38d4", size = 10641215, upload-time = "2026-06-18T18:25:15.802Z" },
    { url = "https://files.pythonhosted.org/packages/6c/42/56926d17120db2c208d76bf60a1a019644dd9e91dc27f0f95c9caddb1366/ruff-0.15.18-py3-none-manylinux_2_17_aarch64.manylinux2014_aarch64.whl", hash = "sha256:37e5108745c2c0705da916d7d4de533ddf547051ef45f62888c31bae73f66318", size = 10957224, upload-time = "2026-06-18T18:25:36.955Z" },
    { url = "https://files.pythonhosted.org/packages/22/4f/d43fab8d8189afde803103022d000a8ef9f230616d436d52a8b2b8d63b50/ruff-0.15.18-py3-none-manylinux_2_17_armv7l.manylinux2014_armv7l.whl", hash = "sha256:56949a6ce8b3abde54c0bcb22cebfe57e8771cadc84b407ae8b8eaf67ebdcd43", size = 10699024, upload-time = "2026-06-18T18:25:05.707Z" },
    { url = "https://files.pythonhosted.org/packages/63/42/1e3e4c68bd408b9768cf3e439acbe2c78245225faef253f7028a0cdb63e0/ruff-0.15.18-py3-none-manylinux_2_17_i686.manylinux2014_i686.whl", hash = "sha256:01a754cd6a1b630d3f97e33eb452cf7a98040482318e870f8bc52a5a30e62657", size = 11491458, upload-time = "2026-06-18T18:25:20.275Z" },
    { url = "https://files.pythonhosted.org/packages/20/77/47a3484bea8521e14a203d98c389c5c97846675e4f02734672da4a69b52a/ruff-0.15.18-py3-none-manylinux_2_17_ppc64le.manylinux2014_ppc64le.whl", hash = "sha256:6ba7a07e03a44dbf10bb086ee06705b173625014ec99f73a7e6836a5e5590a0c", size = 12383752, upload-time = "2026-06-18T18:25:22.535Z" },
    { url = "https://files.pythonhosted.org/packages/0a/ca/054159590787023d83b658a1a1819c4c8910114e7015069340b71c0961cb/ruff-0.15.18-py3-none-manylinux_2_17_s390x.manylinux2014_s390x.whl", hash = "sha256:5a2c40a41a4cadbcf5897b548ab29dfe248b20c540961c0247d98a3973c70403", size = 11577923, upload-time = "2026-06-18T18:25:10.702Z" },
    { url = "https://files.pythonhosted.org/packages/6d/ff/d353d6b7bbd73cc0ec37f4463d7540e45e894338abdd9964eee0de332708/ruff-0.15.18-py3-none-manylinux_2_17_x86_64.manylinux2014_x86_64.whl", hash = "sha256:5f0480ce690cbb6c4db6e5d08f19fce98e10ba131a8b60c1bcdac42771e3ae2d", size = 11583925, upload-time = "2026-06-18T18:25:32.391Z" },
    { url = "https://files.pythonhosted.org/packages/c1/4a/891f89b9c296ed3e5f3ece1a5629badc989d9a8fdaa30431aaf4774bc1c2/ruff-0.15.18-py3-none-manylinux_2_31_riscv64.whl", hash = "sha256:2330215f1f393fa8733f55edce04fcf94c36a2c460fcde31f78cc84e4951e9b1", size = 11582834, upload-time = "2026-06-18T18:25:27.309Z" },
    { url = "https://files.pythonhosted.org/packages/32/a3/ed9e370154bf85de360b93c03026157f02d4943b2d01ff4945f4429f8e8a/ruff-0.15.18-py3-none-musllinux_1_2_aarch64.whl", hash = "sha256:a6aa6a3d979e48ae617578183674bf264fbe7d0114a796a26bd678d67963c7ff", size = 10927328, upload-time = "2026-06-18T18:25:34.676Z" },
    { url = "https://files.pythonhosted.org/packages/f5/d1/5cf5909329fedb5d39d555ee818ba5cf4638e1a301b89785d34f2905bfcb/ruff-0.15.18-py3-none-musllinux_1_2_armv7l.whl", hash = "sha256:a81beadbbff2c9c245561ae3f77b16709d87f35eec650d0501679239d3449b22", size = 10693187, upload-time = "2026-06-18T18:25:08.245Z" },
    { url = "https://files.pythonhosted.org/packages/fd/44/ff6c635cf2c4f4e7b618b6640da057376baa36014695487d88aed4794268/ruff-0.15.18-py3-none-musllinux_1_2_i686.whl", hash = "sha256:2186d9e940ae332ab293623a75b5f4fe49565f449954d50a72a046683aa6b809", size = 11208721, upload-time = "2026-06-18T18:25:41.327Z" },
    { url = "https://files.pythonhosted.org/packages/88/d9/5baa2a30861adfb7022cf33c1e35b2fc18085b08c16f83eff4c7b99a5f48/ruff-0.15.18-py3-none-musllinux_1_2_x86_64.whl", hash = "sha256:5c2abf140438032bc77b2284a6c9944ecd8a19e5f1c7b52b1b8e4a0a80d19a7a", size = 11678599, upload-time = "2026-06-18T18:25:13.607Z" },
    { url = "https://files.pythonhosted.org/packages/c3/1a/0725a7cfdc32ff769efb96ee782bec882e16448c5d9e3be947ec4c04ce27/ruff-0.15.18-py3-none-win32.whl", hash = "sha256:02299e6e9fa5b297a3f6d5d10d7bcd655c925b028bb8b9d4588214549c6b9ec4", size = 10901903, upload-time = "2026-06-18T18:25:24.755Z" },
    { url = "https://files.pythonhosted.org/packages/f3/51/805d9f6fb7970505c3504794a5ec350f605361b807fef4dcf214ebd35e72/ruff-0.15.18-py3-none-win_amd64.whl", hash = "sha256:dac80dc8d26b2257dbefabed62f5d255c3937b4ccb122da1fc634794fa3578b3", size = 12041189, upload-time = "2026-06-18T18:25:17.915Z" },
    { url = "https://files.pythonhosted.org/packages/29/4c/67bb45e41609eb4726f1bfeb59e083cf91d14c696d4bd14c234a980be93d/ruff-0.15.18-py3-none-win_arm64.whl", hash = "sha256:b2c9257fcbd4a3e5b977a1904e6facca016bafe2edc17df24db67cfaee03b4e4", size = 11329958, upload-time = "2026-06-18T18:25:43.686Z" },
]

[[package]]
name = "typing-extensions"
version = "4.15.0"
source = { registry = "https://pypi.org/simple" }
sdist = { url = "https://files.pythonhosted.org/packages/72/94/1a15dd82efb362ac84269196e94cf00f187f7ed21c242792a923cdb1c61f/typing_extensions-4.15.0.tar.gz", hash = "sha256:0cea48d173cc12fa28ecabc3b837ea3cf6f38c6d1136f85cbaaf598984861466", size = 109391, upload-time = "2025-08-25T13:49:26.313Z" }
wheels = [
    { url = "https://files.pythonhosted.org/packages/18/67/36e9267722cc04a6b9f15c7f3441c2363321a3ea07da7ae0c0707beb2a9c/typing_extensions-4.15.0-py3-none-any.whl", hash = "sha256:f0fa19c6845758ab08074a0cfa8b7aecb71c999ca73d62883bc25cc018c4e548", size = 44614, upload-time = "2025-08-25T13:49:24.86Z" },
]
